{
  "version": 4,
  "terraform_version": "1.7.1",
  "serial": 3,
  "lineage": "e04275bb-7f4b-33fa-5c57-070a7aaa0cce",
  "outputs": {},
  "resources": [
    {
      "mode": "managed",
      "type": "local_file",
      "name": "mani",
      "provider": "provider[\"registry.terraform.io/hashicorp/local\"]",
      "instances": [
        {
          "schema_version": 0,
          "attributes": {
            "content": " this is a test",
            "content_base64": null,
            "content_base64sha256": "EEvIDnG1VKfEZpq596UAR6OWMa8t5XCLAea+CsAPXCo=",
            "content_base64sha512": "VCi+g1ZU4QSEOH6W7VBpaK5x2EzdJ5ot9YLrl8ZhtwVvynm27k8PcsZbNiYdUTQ5MhcTB+HKBd//p4TTM4ha3g==",
            "content_md5": "513fba9f102c6faa3bddf36df5770982",
            "content_sha1": "5a0453eca8d9c1df0d637a50bce0e0a31c368edf",
            "content_sha256": "104bc80e71b554a7c4669ab9f7a50047a39631af2de5708b01e6be0ac00f5c2a",
            "content_sha512": "5428be835654e10484387e96ed506968ae71d84cdd279a2df582eb97c661b7056fca79b6ee4f0f72c65b36261d51343932171307e1ca05dfffa784d333885ade",
            "directory_permission": "0777",
            "file_permission": "0777",
            "filename": "/tmp/chandramani.txt",
            "id": "5a0453eca8d9c1df0d637a50bce0e0a31c368edf",
            "sensitive_content": null,
            "source": null
          },
          "sensitive_attributes": []
        }
      ]
    }
  ],
  "check_results": null
}
