{
  "version": 4,
  "terraform_version": "1.7.1",
  "serial": 8,
  "lineage": "ff9cc76f-96b4-51b3-c821-5fa79a4da940",
  "outputs": {
    "pet-name": {
      "value": "stag",
      "type": "string"
    },
    "welcome_message": {
      "value": "Welcome to Learndevops29 ",
      "type": "string"
    }
  },
  "resources": [
    {
      "mode": "managed",
      "type": "local_file",
      "name": "welcome",
      "provider": "provider[\"registry.terraform.io/hashicorp/local\"]",
      "instances": [
        {
          "schema_version": 0,
          "attributes": {
            "content": "Welcome to Learndevops29 ",
            "content_base64": null,
            "content_base64sha256": "fsGCsSSj6nqZmHPVr7FvVqFso0IistJNxW6pLU6oVWo=",
            "content_base64sha512": "yZeLulNy4sAdm7YLSeMpnHucAsGCNbQmI2vPdfQto5C8Z3/IB042XHBp4WOl5KA+C07YcEM/Z0sC6NhRO4xMLw==",
            "content_md5": "e1c03ea89b4c857256d3a68890971dfb",
            "content_sha1": "1fabdbd8c43464d7e8dbdf13670c976886ed6303",
            "content_sha256": "7ec182b124a3ea7a999873d5afb16f56a16ca34222b2d24dc56ea92d4ea8556a",
            "content_sha512": "c9978bba5372e2c01d9bb60b49e3299c7b9c02c18235b426236bcf75f42da390bc677fc8074e365c7069e163a5e4a03e0b4ed870433f674b02e8d8513b8c4c2f",
            "directory_permission": "0777",
            "file_permission": "755",
            "filename": "/home/cshakya/Music/message.txt",
            "id": "1fabdbd8c43464d7e8dbdf13670c976886ed6303",
            "sensitive_content": null,
            "source": null
          },
          "sensitive_attributes": []
        }
      ]
    },
    {
      "mode": "managed",
      "type": "random_pet",
      "name": "my-pet",
      "provider": "provider[\"registry.terraform.io/hashicorp/random\"]",
      "instances": [
        {
          "schema_version": 0,
          "attributes": {
            "id": "stag",
            "keepers": null,
            "length": 1,
            "prefix": null,
            "separator": "-"
          },
          "sensitive_attributes": []
        }
      ]
    }
  ],
  "check_results": null
}
