{
  "version": 4,
  "terraform_version": "1.7.1",
  "serial": 9,
  "lineage": "ab8060bb-3db7-643c-7087-1f5f6bda6412",
  "outputs": {},
  "resources": [
    {
      "mode": "managed",
      "type": "local_file",
      "name": "pet",
      "provider": "provider[\"registry.terraform.io/hashicorp/local\"]",
      "instances": [
        {
          "schema_version": 0,
          "attributes": {
            "content": "My favourit pet is Mr.stinkbug ",
            "content_base64": null,
            "content_base64sha256": "jIavojhmqxfZGQ4UYuMZugt5qv8BhA4p6MuRsQBFpF0=",
            "content_base64sha512": "98EiwWAbInKdc8tmx465pa3t4ESzifxBrwBPBMGVpc8qxMaFeSYAL5MJeWX0Ogp2faezWJiFXPvphW2y4lmAow==",
            "content_md5": "668b8d6529732dd7735d0ca0ef0b5984",
            "content_sha1": "0d0bc330fa5c22eff30a53b8628978b6d377c539",
            "content_sha256": "8c86afa23866ab17d9190e1462e319ba0b79aaff01840e29e8cb91b10045a45d",
            "content_sha512": "f7c122c1601b22729d73cb66c78eb9a5adede044b389fc41af004f04c195a5cf2ac4c6857926002f93097965f43a0a767da7b35898855cfbe9856db2e25980a3",
            "directory_permission": "0777",
            "file_permission": "0777",
            "filename": "/tmp/exportfile.txt",
            "id": "0d0bc330fa5c22eff30a53b8628978b6d377c539",
            "sensitive_content": null,
            "source": null
          },
          "sensitive_attributes": [],
          "dependencies": [
            "random_pet.my-pet"
          ]
        }
      ]
    },
    {
      "mode": "managed",
      "type": "random_pet",
      "name": "my-pet",
      "provider": "provider[\"registry.terraform.io/hashicorp/random\"]",
      "instances": [
        {
          "schema_version": 0,
          "attributes": {
            "id": "Mr.stinkbug",
            "keepers": null,
            "length": 1,
            "prefix": "Mr",
            "separator": "."
          },
          "sensitive_attributes": []
        }
      ]
    }
  ],
  "check_results": null
}
