{
  "version": 4,
  "terraform_version": "1.7.1",
  "serial": 1,
  "lineage": "9876c8e5-aebf-d23f-d64b-abea99a066a8",
  "outputs": {},
  "resources": [
    {
      "mode": "managed",
      "type": "local_file",
      "name": "myfile",
      "provider": "provider[\"registry.terraform.io/hashicorp/local\"]",
      "instances": [
        {
          "schema_version": 0,
          "attributes": {
            "content": "Hi this is test file",
            "content_base64": null,
            "content_base64sha256": "ticS/wyDoKOsAsqAnq17JNo530MKsJIoVawMvRsa5yM=",
            "content_base64sha512": "x38sbPjCRZjElQmzlUe5TbSq+Cfw13E1nBRXFHd5tM8jZRjYaLZLfxN+aW4ftbk4zhRnvxqsAl1rGu2xlc6hqA==",
            "content_md5": "6986562fc263526c7587b3d1148e8771",
            "content_sha1": "f807f1ba856ad4b8188322d0fbf76d300e9ef85d",
            "content_sha256": "b62712ff0c83a0a3ac02ca809ead7b24da39df430ab0922855ac0cbd1b1ae723",
            "content_sha512": "c77f2c6cf8c24598c49509b39547b94db4aaf827f0d771359c1457147779b4cf236518d868b64b7f137e696e1fb5b938ce1467bf1aac025d6b1aedb195cea1a8",
            "directory_permission": "0777",
            "file_permission": "0777",
            "filename": "/tmp/myfile.txt",
            "id": "f807f1ba856ad4b8188322d0fbf76d300e9ef85d",
            "sensitive_content": null,
            "source": null
          },
          "sensitive_attributes": []
        }
      ]
    }
  ],
  "check_results": null
}
